
Microsoft Visual Studio Solution File, Format Version 12.00
# Visual Studio 15
VisualStudioVersion = 15.0.28307.489
MinimumVisualStudioVersion = 10.0.40219.1
Project("{FAE04EC0-301F-11D3-BF4B-00C04F79EFBC}") = "DarkSoulsBuilds", "DarkSoulsBuilds\DarkSoulsBuilds.csproj", "{AD0B3DDF-2C16-4287-860A-269F172F5BAE}"
EndProject
Global
	GlobalSection(SolutionConfigurationPlatforms) = preSolution
		Debug|Any CPU = Debug|Any CPU
		Release|Any CPU = Release|Any CPU
	EndGlobalSection
	GlobalSection(ProjectConfigurationPlatforms) = postSolution
		{AD0B3DDF-2C16-4287-860A-269F172F5BAE}.Debug|Any CPU.ActiveCfg = Debug|Any CPU
		{AD0B3DDF-2C16-4287-860A-269F172F5BAE}.Debug|Any CPU.Build.0 = Debug|Any CPU
		{AD0B3DDF-2C16-4287-860A-269F172F5BAE}.Release|Any CPU.ActiveCfg = Release|Any CPU
		{AD0B3DDF-2C16-4287-860A-269F172F5BAE}.Release|Any CPU.Build.0 = Release|Any CPU
	EndGlobalSection
	GlobalSection(SolutionProperties) = preSolution
		HideSolutionNode = FALSE
	EndGlobalSection
	GlobalSection(ExtensibilityGlobals) = postSolution
		SolutionGuid = {FE1F54DE-890B-4E73-88F3-77F88BDC803C}
	EndGlobalSection
EndGlobal
